
Microsoft Visual Studio Solution File, Format Version 12.00
# Visual Studio 15
VisualStudioVersion = 15.0.27004.2010
MinimumVisualStudioVersion = 10.0.40219.1
Project("{2150E333-8FDC-42A3-9474-1A3956D46DE8}") = "Solution Items", "Solution Items", "{3EDB2013-3DB9-454A-BE76-FF987FCB3BFA}"
	ProjectSection(SolutionItems) = preProject
		NuGet.config = NuGet.config
		README.md = README.md
	EndProjectSection
EndProject
Project("{2150E333-8FDC-42A3-9474-1A3956D46DE8}") = "test", "test", "{AF61850A-B071-4EFE-8ACC-9124DDB97EA5}"
EndProject
Project("{FAE04EC0-301F-11D3-BF4B-00C04F79EFBC}") = "SchemaExplorer.SqlAzureSchemaProvider", "src\SchemaExplorer.SqlAzureSchemaProvider\SchemaExplorer.SqlAzureSchemaProvider.csproj", "{75D47034-6C5A-4E54-B46D-54F2B61321B9}"
EndProject
Project("{FAE04EC0-301F-11D3-BF4B-00C04F79EFBC}") = "SchemaExplorerTest", "test\SchemaExplorerTest\SchemaExplorerTest.csproj", "{C5DC8BCF-734F-428C-AED5-A1F2BEEBFD2C}"
EndProject
Project("{FAE04EC0-301F-11D3-BF4B-00C04F79EFBC}") = "SchemaExplorer.MySQLSchemaProvider", "src\SchemaExplorer.MySQLSchemaProvider\SchemaExplorer.MySQLSchemaProvider.csproj", "{428B5715-B8CD-4247-91F1-F7A021451822}"
EndProject
Global
	GlobalSection(SolutionConfigurationPlatforms) = preSolution
		Debug|Any CPU = Debug|Any CPU
		Release|Any CPU = Release|Any CPU
	EndGlobalSection
	GlobalSection(ProjectConfigurationPlatforms) = postSolution
		{75D47034-6C5A-4E54-B46D-54F2B61321B9}.Debug|Any CPU.ActiveCfg = Debug|Any CPU
		{75D47034-6C5A-4E54-B46D-54F2B61321B9}.Debug|Any CPU.Build.0 = Debug|Any CPU
		{75D47034-6C5A-4E54-B46D-54F2B61321B9}.Release|Any CPU.ActiveCfg = Release|Any CPU
		{75D47034-6C5A-4E54-B46D-54F2B61321B9}.Release|Any CPU.Build.0 = Release|Any CPU
		{C5DC8BCF-734F-428C-AED5-A1F2BEEBFD2C}.Debug|Any CPU.ActiveCfg = Debug|Any CPU
		{C5DC8BCF-734F-428C-AED5-A1F2BEEBFD2C}.Debug|Any CPU.Build.0 = Debug|Any CPU
		{C5DC8BCF-734F-428C-AED5-A1F2BEEBFD2C}.Release|Any CPU.ActiveCfg = Release|Any CPU
		{C5DC8BCF-734F-428C-AED5-A1F2BEEBFD2C}.Release|Any CPU.Build.0 = Release|Any CPU
		{428B5715-B8CD-4247-91F1-F7A021451822}.Debug|Any CPU.ActiveCfg = Debug|Any CPU
		{428B5715-B8CD-4247-91F1-F7A021451822}.Debug|Any CPU.Build.0 = Debug|Any CPU
		{428B5715-B8CD-4247-91F1-F7A021451822}.Release|Any CPU.ActiveCfg = Release|Any CPU
		{428B5715-B8CD-4247-91F1-F7A021451822}.Release|Any CPU.Build.0 = Release|Any CPU
	EndGlobalSection
	GlobalSection(SolutionProperties) = preSolution
		HideSolutionNode = FALSE
	EndGlobalSection
	GlobalSection(NestedProjects) = preSolution
		{C5DC8BCF-734F-428C-AED5-A1F2BEEBFD2C} = {AF61850A-B071-4EFE-8ACC-9124DDB97EA5}
	EndGlobalSection
	GlobalSection(ExtensibilityGlobals) = postSolution
		SolutionGuid = {559977AD-6273-4900-BD3E-112CA19A1816}
	EndGlobalSection
EndGlobal
